
Microsoft Visual Studio Solution File, Format Version 12.00
# Visual Studio 14
VisualStudioVersion = 14.0.25420.1
MinimumVisualStudioVersion = 10.0.40219.1
Project("{FAE04EC0-301F-11D3-BF4B-00C04F79EFBC}") = "VenturaITC.DSMSystem", "VenturaITC.DSMSystem\VenturaITC.DSMSystem.csproj", "{859A8947-6704-4CAD-B601-EF1FAD6ED668}"
	ProjectSection(ProjectDependencies) = postProject
		{ACC7960F-DC1F-4714-BE21-66F72684B73D} = {ACC7960F-DC1F-4714-BE21-66F72684B73D}
		{612BD810-CCB5-4D7A-B9E8-1E5232DD5986} = {612BD810-CCB5-4D7A-B9E8-1E5232DD5986}
		{E7CC542A-A33E-45FB-84A8-B447947A9F28} = {E7CC542A-A33E-45FB-84A8-B447947A9F28}
		{EF02E556-F00B-49AB-BF9B-E04E2E8CF777} = {EF02E556-F00B-49AB-BF9B-E04E2E8CF777}
		{2DEF7959-ADA0-454D-8F8E-ECF017A0D069} = {2DEF7959-ADA0-454D-8F8E-ECF017A0D069}
		{DA68EAE0-37F8-45D2-8960-2BB568479F35} = {DA68EAE0-37F8-45D2-8960-2BB568479F35}
		{38DD2AF5-6D45-42B6-8FDE-192ECB69046C} = {38DD2AF5-6D45-42B6-8FDE-192ECB69046C}
	EndProjectSection
EndProject
Project("{FAE04EC0-301F-11D3-BF4B-00C04F79EFBC}") = "VenturaITC.DSMSystem.BLL", "VenturaITC.DSMSystem.BLL\VenturaITC.DSMSystem.BLL.csproj", "{E7CC542A-A33E-45FB-84A8-B447947A9F28}"
EndProject
Project("{FAE04EC0-301F-11D3-BF4B-00C04F79EFBC}") = "VenturaITC.DSMSystem.DAL", "VenturaITC.DSMSystem.DAL\VenturaITC.DSMSystem.DAL.csproj", "{612BD810-CCB5-4D7A-B9E8-1E5232DD5986}"
EndProject
Project("{FAE04EC0-301F-11D3-BF4B-00C04F79EFBC}") = "VenturaITC.DSMSystem.MODEL", "VenturaITC.DSMSystem.MODEL\VenturaITC.DSMSystem.MODEL.csproj", "{EF02E556-F00B-49AB-BF9B-E04E2E8CF777}"
EndProject
Project("{FAE04EC0-301F-11D3-BF4B-00C04F79EFBC}") = "VenturaITC.DB.Repository", "VenturaITC.DB.Repository\VenturaITC.DB.Repository.csproj", "{38DD2AF5-6D45-42B6-8FDE-192ECB69046C}"
EndProject
Project("{FAE04EC0-301F-11D3-BF4B-00C04F79EFBC}") = "VenturaITC.DSMSystem.DOC", "VenturaITC.DSMSystem.DOC\VenturaITC.DSMSystem.DOC.csproj", "{2DEF7959-ADA0-454D-8F8E-ECF017A0D069}"
EndProject
Project("{FAE04EC0-301F-11D3-BF4B-00C04F79EFBC}") = "VenturaITC.Files", "VenturaITC.Files\VenturaITC.Files.csproj", "{DA68EAE0-37F8-45D2-8960-2BB568479F35}"
EndProject
Project("{FAE04EC0-301F-11D3-BF4B-00C04F79EFBC}") = "VenturaITC.Login", "VenturaITC.Login\VenturaITC.Login.csproj", "{ACC7960F-DC1F-4714-BE21-66F72684B73D}"
EndProject
Global
	GlobalSection(SolutionConfigurationPlatforms) = preSolution
		Debug|Any CPU = Debug|Any CPU
		Release|Any CPU = Release|Any CPU
	EndGlobalSection
	GlobalSection(ProjectConfigurationPlatforms) = postSolution
		{859A8947-6704-4CAD-B601-EF1FAD6ED668}.Debug|Any CPU.ActiveCfg = Debug|Any CPU
		{859A8947-6704-4CAD-B601-EF1FAD6ED668}.Debug|Any CPU.Build.0 = Debug|Any CPU
		{859A8947-6704-4CAD-B601-EF1FAD6ED668}.Release|Any CPU.ActiveCfg = Release|Any CPU
		{859A8947-6704-4CAD-B601-EF1FAD6ED668}.Release|Any CPU.Build.0 = Release|Any CPU
		{E7CC542A-A33E-45FB-84A8-B447947A9F28}.Debug|Any CPU.ActiveCfg = Debug|Any CPU
		{E7CC542A-A33E-45FB-84A8-B447947A9F28}.Debug|Any CPU.Build.0 = Debug|Any CPU
		{E7CC542A-A33E-45FB-84A8-B447947A9F28}.Release|Any CPU.ActiveCfg = Release|Any CPU
		{E7CC542A-A33E-45FB-84A8-B447947A9F28}.Release|Any CPU.Build.0 = Release|Any CPU
		{612BD810-CCB5-4D7A-B9E8-1E5232DD5986}.Debug|Any CPU.ActiveCfg = Debug|Any CPU
		{612BD810-CCB5-4D7A-B9E8-1E5232DD5986}.Debug|Any CPU.Build.0 = Debug|Any CPU
		{612BD810-CCB5-4D7A-B9E8-1E5232DD5986}.Release|Any CPU.ActiveCfg = Release|Any CPU
		{612BD810-CCB5-4D7A-B9E8-1E5232DD5986}.Release|Any CPU.Build.0 = Release|Any CPU
		{EF02E556-F00B-49AB-BF9B-E04E2E8CF777}.Debug|Any CPU.ActiveCfg = Debug|Any CPU
		{EF02E556-F00B-49AB-BF9B-E04E2E8CF777}.Debug|Any CPU.Build.0 = Debug|Any CPU
		{EF02E556-F00B-49AB-BF9B-E04E2E8CF777}.Release|Any CPU.ActiveCfg = Release|Any CPU
		{EF02E556-F00B-49AB-BF9B-E04E2E8CF777}.Release|Any CPU.Build.0 = Release|Any CPU
		{38DD2AF5-6D45-42B6-8FDE-192ECB69046C}.Debug|Any CPU.ActiveCfg = Debug|Any CPU
		{38DD2AF5-6D45-42B6-8FDE-192ECB69046C}.Debug|Any CPU.Build.0 = Debug|Any CPU
		{38DD2AF5-6D45-42B6-8FDE-192ECB69046C}.Release|Any CPU.ActiveCfg = Release|Any CPU
		{38DD2AF5-6D45-42B6-8FDE-192ECB69046C}.Release|Any CPU.Build.0 = Release|Any CPU
		{2DEF7959-ADA0-454D-8F8E-ECF017A0D069}.Debug|Any CPU.ActiveCfg = Debug|Any CPU
		{2DEF7959-ADA0-454D-8F8E-ECF017A0D069}.Debug|Any CPU.Build.0 = Debug|Any CPU
		{2DEF7959-ADA0-454D-8F8E-ECF017A0D069}.Release|Any CPU.ActiveCfg = Release|Any CPU
		{2DEF7959-ADA0-454D-8F8E-ECF017A0D069}.Release|Any CPU.Build.0 = Release|Any CPU
		{DA68EAE0-37F8-45D2-8960-2BB568479F35}.Debug|Any CPU.ActiveCfg = Debug|Any CPU
		{DA68EAE0-37F8-45D2-8960-2BB568479F35}.Debug|Any CPU.Build.0 = Debug|Any CPU
		{DA68EAE0-37F8-45D2-8960-2BB568479F35}.Release|Any CPU.ActiveCfg = Release|Any CPU
		{DA68EAE0-37F8-45D2-8960-2BB568479F35}.Release|Any CPU.Build.0 = Release|Any CPU
		{ACC7960F-DC1F-4714-BE21-66F72684B73D}.Debug|Any CPU.ActiveCfg = Debug|Any CPU
		{ACC7960F-DC1F-4714-BE21-66F72684B73D}.Debug|Any CPU.Build.0 = Debug|Any CPU
		{ACC7960F-DC1F-4714-BE21-66F72684B73D}.Release|Any CPU.ActiveCfg = Release|Any CPU
		{ACC7960F-DC1F-4714-BE21-66F72684B73D}.Release|Any CPU.Build.0 = Release|Any CPU
	EndGlobalSection
	GlobalSection(SolutionProperties) = preSolution
		HideSolutionNode = FALSE
	EndGlobalSection
EndGlobal
